
Microsoft Visual Studio Solution File, Format Version 12.00
# Visual Studio 14
VisualStudioVersion = 14.0.25420.1
MinimumVisualStudioVersion = 10.0.40219.1
Project("{FAE04EC0-301F-11D3-BF4B-00C04F79EFBC}") = "HelloWorld", "HelloWorld\HelloWorld.csproj", "{91EB66E9-9AED-4810-920D-C00FC7D8E4BF}"
EndProject
Project("{FAE04EC0-301F-11D3-BF4B-00C04F79EFBC}") = "PrintNumbers", "PrintNumbers\PrintNumbers.csproj", "{A1FB2D2D-1AB8-4FCC-A708-862CE36E2320}"
EndProject
Project("{FAE04EC0-301F-11D3-BF4B-00C04F79EFBC}") = "SquareRoot", "SquareRoot\SquareRoot.csproj", "{EF3ED0B0-B266-4C4C-BDB4-CA441CA573CE}"
EndProject
Project("{FAE04EC0-301F-11D3-BF4B-00C04F79EFBC}") = "PrintSequence", "PrintSequence\PrintSequence.csproj", "{64D30482-F76B-4E9D-B6E9-467B26EB23E8}"
EndProject
Project("{FAE04EC0-301F-11D3-BF4B-00C04F79EFBC}") = "Age", "Age\Age.csproj", "{2B469A53-A651-4909-A2B0-54B6B9F7ED34}"
EndProject
Project("{FAE04EC0-301F-11D3-BF4B-00C04F79EFBC}") = "LongSequence", "LongSequence\LongSequence.csproj", "{2B1F4F63-BF64-43EC-BF71-3DD4CB994183}"
EndProject
Project("{FAE04EC0-301F-11D3-BF4B-00C04F79EFBC}") = "QuotesInStrings", "QuotesInStrings\QuotesInStrings.csproj", "{A5F17537-CC75-4B80-BD2F-D5F0DAEA7F81}"
EndProject
Project("{FAE04EC0-301F-11D3-BF4B-00C04F79EFBC}") = "ComparingFloats", "ComparingFloats\ComparingFloats.csproj", "{D7CA75ED-2098-4CFA-96B3-A86F3971931A}"
EndProject
Project("{FAE04EC0-301F-11D3-BF4B-00C04F79EFBC}") = "PrintTheASCIITable", "PrintTheASCIITable\PrintTheASCIITable.csproj", "{98596AF7-9EAC-44AA-8203-5CDEB128F0E1}"
EndProject
Project("{FAE04EC0-301F-11D3-BF4B-00C04F79EFBC}") = "OddOrEven", "OddOrEven\OddOrEven.csproj", "{79957DFE-BE39-4310-91FF-B53E53374074}"
EndProject
Project("{FAE04EC0-301F-11D3-BF4B-00C04F79EFBC}") = "MoonGravity", "MoonGravity\MoonGravity.csproj", "{2A17E85B-AE31-4AEE-9689-6E656C28D7C1}"
EndProject
Project("{FAE04EC0-301F-11D3-BF4B-00C04F79EFBC}") = "DevideBy7and5", "DevideBy7and5\DevideBy7and5.csproj", "{F2CC1ACE-6E4F-4139-AF55-09AE49D8AD39}"
EndProject
Project("{FAE04EC0-301F-11D3-BF4B-00C04F79EFBC}") = "Rectangles", "Rectangles\Rectangles.csproj", "{6279C84C-E074-4D96-97BA-E9FA1F409C03}"
EndProject
Project("{FAE04EC0-301F-11D3-BF4B-00C04F79EFBC}") = "ThirdDigit", "ThirdDigit\ThirdDigit.csproj", "{B455B9F5-FEAF-451C-82D1-8D27053928BC}"
EndProject
Project("{FAE04EC0-301F-11D3-BF4B-00C04F79EFBC}") = "FourDigits", "FourDigits\FourDigits.csproj", "{230C5254-07FC-4479-9E85-001224415216}"
EndProject
Project("{FAE04EC0-301F-11D3-BF4B-00C04F79EFBC}") = "PointInACircle", "PointInACircle\PointInACircle.csproj", "{2C89F57D-69C3-45EF-83DE-C7EBF54B41D5}"
EndProject
Project("{FAE04EC0-301F-11D3-BF4B-00C04F79EFBC}") = "Trapezoids", "Trapezoids\Trapezoids.csproj", "{4DFE3D3E-23D8-416D-B55D-34D240478C4F}"
EndProject
Project("{FAE04EC0-301F-11D3-BF4B-00C04F79EFBC}") = "ThirdBit", "ThirdBit\ThirdBit.csproj", "{54BF57B9-5C3E-40B4-B208-20199037E6EE}"
EndProject
Project("{FAE04EC0-301F-11D3-BF4B-00C04F79EFBC}") = "NBit", "NBit\NBit.csproj", "{95AF4A08-F926-4A6F-BF70-DBB3821E03AD}"
EndProject
Project("{FAE04EC0-301F-11D3-BF4B-00C04F79EFBC}") = "PrimeCheck", "PrimeCheck\PrimeCheck.csproj", "{7EC82A93-5B06-4601-8875-F484AF5D33D0}"
EndProject
Project("{FAE04EC0-301F-11D3-BF4B-00C04F79EFBC}") = "ModifyBit", "ModifyBit\ModifyBit.csproj", "{1F7C0682-ACB9-4BB9-8521-E9DA6C8D2B85}"
EndProject
Project("{FAE04EC0-301F-11D3-BF4B-00C04F79EFBC}") = "SumOfThreeNumbers", "SumOfThreeNumbers\SumOfThreeNumbers.csproj", "{13483387-ACB4-4E63-AF4C-63A9E028D2F2}"
EndProject
Project("{FAE04EC0-301F-11D3-BF4B-00C04F79EFBC}") = "CompanyInfo", "CompanyInfo\CompanyInfo.csproj", "{F849EFCA-2BBC-42AC-8884-EE4A50D8042D}"
EndProject
Global
	GlobalSection(SolutionConfigurationPlatforms) = preSolution
		Debug|Any CPU = Debug|Any CPU
		Release|Any CPU = Release|Any CPU
	EndGlobalSection
	GlobalSection(ProjectConfigurationPlatforms) = postSolution
		{91EB66E9-9AED-4810-920D-C00FC7D8E4BF}.Debug|Any CPU.ActiveCfg = Debug|Any CPU
		{91EB66E9-9AED-4810-920D-C00FC7D8E4BF}.Debug|Any CPU.Build.0 = Debug|Any CPU
		{91EB66E9-9AED-4810-920D-C00FC7D8E4BF}.Release|Any CPU.ActiveCfg = Release|Any CPU
		{91EB66E9-9AED-4810-920D-C00FC7D8E4BF}.Release|Any CPU.Build.0 = Release|Any CPU
		{A1FB2D2D-1AB8-4FCC-A708-862CE36E2320}.Debug|Any CPU.ActiveCfg = Debug|Any CPU
		{A1FB2D2D-1AB8-4FCC-A708-862CE36E2320}.Debug|Any CPU.Build.0 = Debug|Any CPU
		{A1FB2D2D-1AB8-4FCC-A708-862CE36E2320}.Release|Any CPU.ActiveCfg = Release|Any CPU
		{A1FB2D2D-1AB8-4FCC-A708-862CE36E2320}.Release|Any CPU.Build.0 = Release|Any CPU
		{EF3ED0B0-B266-4C4C-BDB4-CA441CA573CE}.Debug|Any CPU.ActiveCfg = Debug|Any CPU
		{EF3ED0B0-B266-4C4C-BDB4-CA441CA573CE}.Debug|Any CPU.Build.0 = Debug|Any CPU
		{EF3ED0B0-B266-4C4C-BDB4-CA441CA573CE}.Release|Any CPU.ActiveCfg = Release|Any CPU
		{EF3ED0B0-B266-4C4C-BDB4-CA441CA573CE}.Release|Any CPU.Build.0 = Release|Any CPU
		{64D30482-F76B-4E9D-B6E9-467B26EB23E8}.Debug|Any CPU.ActiveCfg = Debug|Any CPU
		{64D30482-F76B-4E9D-B6E9-467B26EB23E8}.Debug|Any CPU.Build.0 = Debug|Any CPU
		{64D30482-F76B-4E9D-B6E9-467B26EB23E8}.Release|Any CPU.ActiveCfg = Release|Any CPU
		{64D30482-F76B-4E9D-B6E9-467B26EB23E8}.Release|Any CPU.Build.0 = Release|Any CPU
		{2B469A53-A651-4909-A2B0-54B6B9F7ED34}.Debug|Any CPU.ActiveCfg = Debug|Any CPU
		{2B469A53-A651-4909-A2B0-54B6B9F7ED34}.Debug|Any CPU.Build.0 = Debug|Any CPU
		{2B469A53-A651-4909-A2B0-54B6B9F7ED34}.Release|Any CPU.ActiveCfg = Release|Any CPU
		{2B469A53-A651-4909-A2B0-54B6B9F7ED34}.Release|Any CPU.Build.0 = Release|Any CPU
		{2B1F4F63-BF64-43EC-BF71-3DD4CB994183}.Debug|Any CPU.ActiveCfg = Debug|Any CPU
		{2B1F4F63-BF64-43EC-BF71-3DD4CB994183}.Debug|Any CPU.Build.0 = Debug|Any CPU
		{2B1F4F63-BF64-43EC-BF71-3DD4CB994183}.Release|Any CPU.ActiveCfg = Release|Any CPU
		{2B1F4F63-BF64-43EC-BF71-3DD4CB994183}.Release|Any CPU.Build.0 = Release|Any CPU
		{A5F17537-CC75-4B80-BD2F-D5F0DAEA7F81}.Debug|Any CPU.ActiveCfg = Debug|Any CPU
		{A5F17537-CC75-4B80-BD2F-D5F0DAEA7F81}.Debug|Any CPU.Build.0 = Debug|Any CPU
		{A5F17537-CC75-4B80-BD2F-D5F0DAEA7F81}.Release|Any CPU.ActiveCfg = Release|Any CPU
		{A5F17537-CC75-4B80-BD2F-D5F0DAEA7F81}.Release|Any CPU.Build.0 = Release|Any CPU
		{D7CA75ED-2098-4CFA-96B3-A86F3971931A}.Debug|Any CPU.ActiveCfg = Debug|Any CPU
		{D7CA75ED-2098-4CFA-96B3-A86F3971931A}.Debug|Any CPU.Build.0 = Debug|Any CPU
		{D7CA75ED-2098-4CFA-96B3-A86F3971931A}.Release|Any CPU.ActiveCfg = Release|Any CPU
		{D7CA75ED-2098-4CFA-96B3-A86F3971931A}.Release|Any CPU.Build.0 = Release|Any CPU
		{98596AF7-9EAC-44AA-8203-5CDEB128F0E1}.Debug|Any CPU.ActiveCfg = Debug|Any CPU
		{98596AF7-9EAC-44AA-8203-5CDEB128F0E1}.Debug|Any CPU.Build.0 = Debug|Any CPU
		{98596AF7-9EAC-44AA-8203-5CDEB128F0E1}.Release|Any CPU.ActiveCfg = Release|Any CPU
		{98596AF7-9EAC-44AA-8203-5CDEB128F0E1}.Release|Any CPU.Build.0 = Release|Any CPU
		{79957DFE-BE39-4310-91FF-B53E53374074}.Debug|Any CPU.ActiveCfg = Debug|Any CPU
		{79957DFE-BE39-4310-91FF-B53E53374074}.Debug|Any CPU.Build.0 = Debug|Any CPU
		{79957DFE-BE39-4310-91FF-B53E53374074}.Release|Any CPU.ActiveCfg = Release|Any CPU
		{79957DFE-BE39-4310-91FF-B53E53374074}.Release|Any CPU.Build.0 = Release|Any CPU
		{2A17E85B-AE31-4AEE-9689-6E656C28D7C1}.Debug|Any CPU.ActiveCfg = Debug|Any CPU
		{2A17E85B-AE31-4AEE-9689-6E656C28D7C1}.Debug|Any CPU.Build.0 = Debug|Any CPU
		{2A17E85B-AE31-4AEE-9689-6E656C28D7C1}.Release|Any CPU.ActiveCfg = Release|Any CPU
		{2A17E85B-AE31-4AEE-9689-6E656C28D7C1}.Release|Any CPU.Build.0 = Release|Any CPU
		{F2CC1ACE-6E4F-4139-AF55-09AE49D8AD39}.Debug|Any CPU.ActiveCfg = Debug|Any CPU
		{F2CC1ACE-6E4F-4139-AF55-09AE49D8AD39}.Debug|Any CPU.Build.0 = Debug|Any CPU
		{F2CC1ACE-6E4F-4139-AF55-09AE49D8AD39}.Release|Any CPU.ActiveCfg = Release|Any CPU
		{F2CC1ACE-6E4F-4139-AF55-09AE49D8AD39}.Release|Any CPU.Build.0 = Release|Any CPU
		{6279C84C-E074-4D96-97BA-E9FA1F409C03}.Debug|Any CPU.ActiveCfg = Debug|Any CPU
		{6279C84C-E074-4D96-97BA-E9FA1F409C03}.Debug|Any CPU.Build.0 = Debug|Any CPU
		{6279C84C-E074-4D96-97BA-E9FA1F409C03}.Release|Any CPU.ActiveCfg = Release|Any CPU
		{6279C84C-E074-4D96-97BA-E9FA1F409C03}.Release|Any CPU.Build.0 = Release|Any CPU
		{B455B9F5-FEAF-451C-82D1-8D27053928BC}.Debug|Any CPU.ActiveCfg = Debug|Any CPU
		{B455B9F5-FEAF-451C-82D1-8D27053928BC}.Debug|Any CPU.Build.0 = Debug|Any CPU
		{B455B9F5-FEAF-451C-82D1-8D27053928BC}.Release|Any CPU.ActiveCfg = Release|Any CPU
		{B455B9F5-FEAF-451C-82D1-8D27053928BC}.Release|Any CPU.Build.0 = Release|Any CPU
		{230C5254-07FC-4479-9E85-001224415216}.Debug|Any CPU.ActiveCfg = Debug|Any CPU
		{230C5254-07FC-4479-9E85-001224415216}.Debug|Any CPU.Build.0 = Debug|Any CPU
		{230C5254-07FC-4479-9E85-001224415216}.Release|Any CPU.ActiveCfg = Release|Any CPU
		{230C5254-07FC-4479-9E85-001224415216}.Release|Any CPU.Build.0 = Release|Any CPU
		{2C89F57D-69C3-45EF-83DE-C7EBF54B41D5}.Debug|Any CPU.ActiveCfg = Debug|Any CPU
		{2C89F57D-69C3-45EF-83DE-C7EBF54B41D5}.Debug|Any CPU.Build.0 = Debug|Any CPU
		{2C89F57D-69C3-45EF-83DE-C7EBF54B41D5}.Release|Any CPU.ActiveCfg = Release|Any CPU
		{2C89F57D-69C3-45EF-83DE-C7EBF54B41D5}.Release|Any CPU.Build.0 = Release|Any CPU
		{4DFE3D3E-23D8-416D-B55D-34D240478C4F}.Debug|Any CPU.ActiveCfg = Debug|Any CPU
		{4DFE3D3E-23D8-416D-B55D-34D240478C4F}.Debug|Any CPU.Build.0 = Debug|Any CPU
		{4DFE3D3E-23D8-416D-B55D-34D240478C4F}.Release|Any CPU.ActiveCfg = Release|Any CPU
		{4DFE3D3E-23D8-416D-B55D-34D240478C4F}.Release|Any CPU.Build.0 = Release|Any CPU
		{54BF57B9-5C3E-40B4-B208-20199037E6EE}.Debug|Any CPU.ActiveCfg = Debug|Any CPU
		{54BF57B9-5C3E-40B4-B208-20199037E6EE}.Debug|Any CPU.Build.0 = Debug|Any CPU
		{54BF57B9-5C3E-40B4-B208-20199037E6EE}.Release|Any CPU.ActiveCfg = Release|Any CPU
		{54BF57B9-5C3E-40B4-B208-20199037E6EE}.Release|Any CPU.Build.0 = Release|Any CPU
		{95AF4A08-F926-4A6F-BF70-DBB3821E03AD}.Debug|Any CPU.ActiveCfg = Debug|Any CPU
		{95AF4A08-F926-4A6F-BF70-DBB3821E03AD}.Debug|Any CPU.Build.0 = Debug|Any CPU
		{95AF4A08-F926-4A6F-BF70-DBB3821E03AD}.Release|Any CPU.ActiveCfg = Release|Any CPU
		{95AF4A08-F926-4A6F-BF70-DBB3821E03AD}.Release|Any CPU.Build.0 = Release|Any CPU
		{7EC82A93-5B06-4601-8875-F484AF5D33D0}.Debug|Any CPU.ActiveCfg = Debug|Any CPU
		{7EC82A93-5B06-4601-8875-F484AF5D33D0}.Debug|Any CPU.Build.0 = Debug|Any CPU
		{7EC82A93-5B06-4601-8875-F484AF5D33D0}.Release|Any CPU.ActiveCfg = Release|Any CPU
		{7EC82A93-5B06-4601-8875-F484AF5D33D0}.Release|Any CPU.Build.0 = Release|Any CPU
		{1F7C0682-ACB9-4BB9-8521-E9DA6C8D2B85}.Debug|Any CPU.ActiveCfg = Debug|Any CPU
		{1F7C0682-ACB9-4BB9-8521-E9DA6C8D2B85}.Debug|Any CPU.Build.0 = Debug|Any CPU
		{1F7C0682-ACB9-4BB9-8521-E9DA6C8D2B85}.Release|Any CPU.ActiveCfg = Release|Any CPU
		{1F7C0682-ACB9-4BB9-8521-E9DA6C8D2B85}.Release|Any CPU.Build.0 = Release|Any CPU
		{13483387-ACB4-4E63-AF4C-63A9E028D2F2}.Debug|Any CPU.ActiveCfg = Debug|Any CPU
		{13483387-ACB4-4E63-AF4C-63A9E028D2F2}.Debug|Any CPU.Build.0 = Debug|Any CPU
		{13483387-ACB4-4E63-AF4C-63A9E028D2F2}.Release|Any CPU.ActiveCfg = Release|Any CPU
		{13483387-ACB4-4E63-AF4C-63A9E028D2F2}.Release|Any CPU.Build.0 = Release|Any CPU
		{F849EFCA-2BBC-42AC-8884-EE4A50D8042D}.Debug|Any CPU.ActiveCfg = Debug|Any CPU
		{F849EFCA-2BBC-42AC-8884-EE4A50D8042D}.Debug|Any CPU.Build.0 = Debug|Any CPU
		{F849EFCA-2BBC-42AC-8884-EE4A50D8042D}.Release|Any CPU.ActiveCfg = Release|Any CPU
		{F849EFCA-2BBC-42AC-8884-EE4A50D8042D}.Release|Any CPU.Build.0 = Release|Any CPU
	EndGlobalSection
	GlobalSection(SolutionProperties) = preSolution
		HideSolutionNode = FALSE
	EndGlobalSection
EndGlobal
