
Microsoft Visual Studio Solution File, Format Version 12.00
# Visual Studio 14
VisualStudioVersion = 14.0.25420.1
MinimumVisualStudioVersion = 10.0.40219.1
Project("{FAE04EC0-301F-11D3-BF4B-00C04F79EFBC}") = "1.04.HelloWorld", "HelloWorld\1.04.HelloWorld.csproj", "{91EB66E9-9AED-4810-920D-C00FC7D8E4BF}"
EndProject
Project("{FAE04EC0-301F-11D3-BF4B-00C04F79EFBC}") = "1.06.PrintNumbers", "PrintNumbers\1.06.PrintNumbers.csproj", "{A1FB2D2D-1AB8-4FCC-A708-862CE36E2320}"
EndProject
Project("{FAE04EC0-301F-11D3-BF4B-00C04F79EFBC}") = "1.08.SquareRoot", "SquareRoot\1.08.SquareRoot.csproj", "{EF3ED0B0-B266-4C4C-BDB4-CA441CA573CE}"
EndProject
Project("{FAE04EC0-301F-11D3-BF4B-00C04F79EFBC}") = "1.09.PrintSequence", "PrintSequence\1.09.PrintSequence.csproj", "{64D30482-F76B-4E9D-B6E9-467B26EB23E8}"
EndProject
Project("{FAE04EC0-301F-11D3-BF4B-00C04F79EFBC}") = "1.15.Age", "Age\1.15.Age.csproj", "{2B469A53-A651-4909-A2B0-54B6B9F7ED34}"
EndProject
Project("{FAE04EC0-301F-11D3-BF4B-00C04F79EFBC}") = "1.16.LongSequence", "LongSequence\1.16.LongSequence.csproj", "{2B1F4F63-BF64-43EC-BF71-3DD4CB994183}"
EndProject
Project("{FAE04EC0-301F-11D3-BF4B-00C04F79EFBC}") = "2.07.QuotesInStrings", "QuotesInStrings\2.07.QuotesInStrings.csproj", "{A5F17537-CC75-4B80-BD2F-D5F0DAEA7F81}"
EndProject
Project("{FAE04EC0-301F-11D3-BF4B-00C04F79EFBC}") = "2.13.ComparingFloats", "ComparingFloats\2.13.ComparingFloats.csproj", "{D7CA75ED-2098-4CFA-96B3-A86F3971931A}"
EndProject
Project("{FAE04EC0-301F-11D3-BF4B-00C04F79EFBC}") = "2.14.PrintTheASCIITable", "PrintTheASCIITable\2.14.PrintTheASCIITable.csproj", "{98596AF7-9EAC-44AA-8203-5CDEB128F0E1}"
EndProject
Project("{FAE04EC0-301F-11D3-BF4B-00C04F79EFBC}") = "3.01.OddOrEven", "OddOrEven\3.01.OddOrEven.csproj", "{79957DFE-BE39-4310-91FF-B53E53374074}"
EndProject
Project("{FAE04EC0-301F-11D3-BF4B-00C04F79EFBC}") = "3.02.MoonGravity", "MoonGravity\3.02.MoonGravity.csproj", "{2A17E85B-AE31-4AEE-9689-6E656C28D7C1}"
EndProject
Project("{FAE04EC0-301F-11D3-BF4B-00C04F79EFBC}") = "3.03.DevideBy7and5", "DevideBy7and5\3.03.DevideBy7and5.csproj", "{F2CC1ACE-6E4F-4139-AF55-09AE49D8AD39}"
EndProject
Project("{FAE04EC0-301F-11D3-BF4B-00C04F79EFBC}") = "3.04.Rectangles", "Rectangles\3.04.Rectangles.csproj", "{6279C84C-E074-4D96-97BA-E9FA1F409C03}"
EndProject
Project("{FAE04EC0-301F-11D3-BF4B-00C04F79EFBC}") = "3.05.ThirdDigit", "ThirdDigit\3.05.ThirdDigit.csproj", "{B455B9F5-FEAF-451C-82D1-8D27053928BC}"
EndProject
Project("{FAE04EC0-301F-11D3-BF4B-00C04F79EFBC}") = "3.06.FourDigits", "FourDigits\3.06.FourDigits.csproj", "{230C5254-07FC-4479-9E85-001224415216}"
EndProject
Project("{FAE04EC0-301F-11D3-BF4B-00C04F79EFBC}") = "3.07.PointInACircle", "PointInACircle\3.07.PointInACircle.csproj", "{2C89F57D-69C3-45EF-83DE-C7EBF54B41D5}"
EndProject
Project("{FAE04EC0-301F-11D3-BF4B-00C04F79EFBC}") = "3.09.Trapezoids", "Trapezoids\3.09.Trapezoids.csproj", "{4DFE3D3E-23D8-416D-B55D-34D240478C4F}"
EndProject
Project("{FAE04EC0-301F-11D3-BF4B-00C04F79EFBC}") = "3.11.ThirdBit", "ThirdBit\3.11.ThirdBit.csproj", "{54BF57B9-5C3E-40B4-B208-20199037E6EE}"
EndProject
Project("{FAE04EC0-301F-11D3-BF4B-00C04F79EFBC}") = "3.12.NthBit", "NBit\3.12.NthBit.csproj", "{95AF4A08-F926-4A6F-BF70-DBB3821E03AD}"
EndProject
Project("{FAE04EC0-301F-11D3-BF4B-00C04F79EFBC}") = "3.08.PrimeCheck", "PrimeCheck\3.08.PrimeCheck.csproj", "{7EC82A93-5B06-4601-8875-F484AF5D33D0}"
EndProject
Project("{FAE04EC0-301F-11D3-BF4B-00C04F79EFBC}") = "3.13.ModifyBit", "ModifyBit\3.13.ModifyBit.csproj", "{1F7C0682-ACB9-4BB9-8521-E9DA6C8D2B85}"
EndProject
Project("{FAE04EC0-301F-11D3-BF4B-00C04F79EFBC}") = "4.01.SumOfThreeNumbers", "SumOfThreeNumbers\4.01.SumOfThreeNumbers.csproj", "{13483387-ACB4-4E63-AF4C-63A9E028D2F2}"
EndProject
Project("{FAE04EC0-301F-11D3-BF4B-00C04F79EFBC}") = "4.02.CompanyInfo", "CompanyInfo\4.02.CompanyInfo.csproj", "{F849EFCA-2BBC-42AC-8884-EE4A50D8042D}"
EndProject
Project("{FAE04EC0-301F-11D3-BF4B-00C04F79EFBC}") = "4.03.Circle", "Circle\4.03.Circle.csproj", "{8F37487E-4ED7-4DB2-A9CD-6380E564A264}"
EndProject
Project("{FAE04EC0-301F-11D3-BF4B-00C04F79EFBC}") = "4.05.NumbersComparer", "NumberComparer\4.05.NumbersComparer.csproj", "{2A6C3BC5-2A71-45F2-8551-95F9EB57FDC6}"
EndProject
Project("{FAE04EC0-301F-11D3-BF4B-00C04F79EFBC}") = "4.06.QuadraticEquation", "QuadraticEquation\4.06.QuadraticEquation.csproj", "{ABB70179-54A0-4522-B5C3-CFE73F85A5D2}"
EndProject
Project("{FAE04EC0-301F-11D3-BF4B-00C04F79EFBC}") = "4.07.SumOfFiveNumbers", "SumOfFiveNumbers\4.07.SumOfFiveNumbers.csproj", "{97AB37C9-B82F-4140-A423-A2B4E50D7112}"
EndProject
Project("{FAE04EC0-301F-11D3-BF4B-00C04F79EFBC}") = "4.08.NumbersFrom1toN", "NumbersFrom1toN\4.08.NumbersFrom1toN.csproj", "{BC10BC48-1690-4994-A4BE-8862CC158C4E}"
EndProject
Project("{FAE04EC0-301F-11D3-BF4B-00C04F79EFBC}") = "4.09.SumOfNNumbers", "SumOfNNumbers\4.09.SumOfNNumbers.csproj", "{8553F8D8-440D-43FE-A7A5-880F17426D28}"
EndProject
Project("{FAE04EC0-301F-11D3-BF4B-00C04F79EFBC}") = "4.10.FibonacciNumbers", "FibonacciNumbers\4.10.FibonacciNumbers.csproj", "{CD485263-0171-4065-B5F9-3AB7D2805356}"
EndProject
Project("{FAE04EC0-301F-11D3-BF4B-00C04F79EFBC}") = "4.11.Interval", "Interval\4.11.Interval.csproj", "{6B447753-F5F1-402C-B10B-3D160E15CDD7}"
EndProject
Project("{FAE04EC0-301F-11D3-BF4B-00C04F79EFBC}") = "5.01.ExchangeIfGreater", "ExchangeIfGreater\5.01.ExchangeIfGreater.csproj", "{9B6DDB03-28B2-418D-AB2E-1E2E671FEFE5}"
EndProject
Project("{FAE04EC0-301F-11D3-BF4B-00C04F79EFBC}") = "5.02.BonusScore", "BonusScore\5.02.BonusScore.csproj", "{75651ECC-44B8-48ED-83BF-D71FB470A747}"
EndProject
Project("{FAE04EC0-301F-11D3-BF4B-00C04F79EFBC}") = "5.03.PlayCard", "PlayCard\5.03.PlayCard.csproj", "{5BC8589E-9471-48E2-A64E-B043287D33AC}"
EndProject
Project("{FAE04EC0-301F-11D3-BF4B-00C04F79EFBC}") = "5.04.MultiplicationSign", "MultiplicationSign\5.04.MultiplicationSign.csproj", "{A28FE850-F59E-45B4-AF6D-23BD6D7ABAFA}"
EndProject
Project("{FAE04EC0-301F-11D3-BF4B-00C04F79EFBC}") = "5.05.BiggestOf3", "BiggestOf3\5.05.BiggestOf3.csproj", "{5A0123AC-45FB-48C2-AF12-5E501216ABAC}"
EndProject
Project("{FAE04EC0-301F-11D3-BF4B-00C04F79EFBC}") = "5.06.BiggestOf5", "BiggestOf5\5.06.BiggestOf5.csproj", "{006109A2-24A6-43DC-9E7D-D0F85B19F17D}"
EndProject
Project("{FAE04EC0-301F-11D3-BF4B-00C04F79EFBC}") = "5.07.Sort3Numbers", "Sort3Numbers\5.07.Sort3Numbers.csproj", "{A47EF720-6668-4A7E-8835-25D39CA48BF6}"
EndProject
Project("{FAE04EC0-301F-11D3-BF4B-00C04F79EFBC}") = "5.08.DigitAsWord", "DigitAsWord\5.08.DigitAsWord.csproj", "{FF58A030-A565-4FE9-AE0B-6A6BC221B741}"
EndProject
Project("{FAE04EC0-301F-11D3-BF4B-00C04F79EFBC}") = "5.09.IntDoubleAndString", "IntDoubleAndString\5.09.IntDoubleAndString.csproj", "{775491CC-C05C-4B20-A56A-347AC5523A81}"
EndProject
Project("{FAE04EC0-301F-11D3-BF4B-00C04F79EFBC}") = "4.04.FormattingNumbers", "FormattingNumbers\4.04.FormattingNumbers.csproj", "{F6DBFE4D-4C75-4EED-9B6E-702AA5F51BDF}"
EndProject
Project("{FAE04EC0-301F-11D3-BF4B-00C04F79EFBC}") = "6.01.NumbersFrom1toNv2", "NumbersFrom1toNv2\6.01.NumbersFrom1toNv2.csproj", "{918094F3-103D-4C08-81A4-2C4DF1B80D4A}"
EndProject
Project("{FAE04EC0-301F-11D3-BF4B-00C04F79EFBC}") = "6.02.NotDivisibleNumbers", "NotDivisibleNumbers\6.02.NotDivisibleNumbers.csproj", "{2F3A2879-C884-4F1D-815F-0A1E63D48139}"
EndProject
Project("{FAE04EC0-301F-11D3-BF4B-00C04F79EFBC}") = "6.03.MMSAofNNumbers", "MMSAofNNumbers\6.03.MMSAofNNumbers.csproj", "{775C556B-36A1-47F4-860B-114C7062CC07}"
EndProject
Project("{FAE04EC0-301F-11D3-BF4B-00C04F79EFBC}") = "6.04.PrintADeck", "PrintADeck\6.04.PrintADeck.csproj", "{7A619CE3-9632-4714-9733-2540E1A1ED26}"
EndProject
Project("{FAE04EC0-301F-11D3-BF4B-00C04F79EFBC}") = "6.05.Calculate", "Calculate\6.05.Calculate.csproj", "{7FC48F82-B85B-465B-A70B-D0F1DD0CD46E}"
EndProject
Project("{FAE04EC0-301F-11D3-BF4B-00C04F79EFBC}") = "6.06.CalculateAgain", "CalculateAgain\6.06.CalculateAgain.csproj", "{E1510D88-32E2-4B6C-A742-EFF3925989FD}"
EndProject
Project("{FAE04EC0-301F-11D3-BF4B-00C04F79EFBC}") = "6.07.Calculate3", "Calculate3\6.07.Calculate3.csproj", "{450EE67A-DD6D-425E-8C0A-73CDF85239C8}"
EndProject
Project("{FAE04EC0-301F-11D3-BF4B-00C04F79EFBC}") = "6.08.CatalanNumbers", "CatalanNumbers\6.08.CatalanNumbers.csproj", "{D3D58E97-05DC-44C1-A60D-2A8C0A34CFC7}"
EndProject
Global
	GlobalSection(SolutionConfigurationPlatforms) = preSolution
		Debug|Any CPU = Debug|Any CPU
		Release|Any CPU = Release|Any CPU
	EndGlobalSection
	GlobalSection(ProjectConfigurationPlatforms) = postSolution
		{91EB66E9-9AED-4810-920D-C00FC7D8E4BF}.Debug|Any CPU.ActiveCfg = Debug|Any CPU
		{91EB66E9-9AED-4810-920D-C00FC7D8E4BF}.Debug|Any CPU.Build.0 = Debug|Any CPU
		{91EB66E9-9AED-4810-920D-C00FC7D8E4BF}.Release|Any CPU.ActiveCfg = Release|Any CPU
		{91EB66E9-9AED-4810-920D-C00FC7D8E4BF}.Release|Any CPU.Build.0 = Release|Any CPU
		{A1FB2D2D-1AB8-4FCC-A708-862CE36E2320}.Debug|Any CPU.ActiveCfg = Debug|Any CPU
		{A1FB2D2D-1AB8-4FCC-A708-862CE36E2320}.Debug|Any CPU.Build.0 = Debug|Any CPU
		{A1FB2D2D-1AB8-4FCC-A708-862CE36E2320}.Release|Any CPU.ActiveCfg = Release|Any CPU
		{A1FB2D2D-1AB8-4FCC-A708-862CE36E2320}.Release|Any CPU.Build.0 = Release|Any CPU
		{EF3ED0B0-B266-4C4C-BDB4-CA441CA573CE}.Debug|Any CPU.ActiveCfg = Debug|Any CPU
		{EF3ED0B0-B266-4C4C-BDB4-CA441CA573CE}.Debug|Any CPU.Build.0 = Debug|Any CPU
		{EF3ED0B0-B266-4C4C-BDB4-CA441CA573CE}.Release|Any CPU.ActiveCfg = Release|Any CPU
		{EF3ED0B0-B266-4C4C-BDB4-CA441CA573CE}.Release|Any CPU.Build.0 = Release|Any CPU
		{64D30482-F76B-4E9D-B6E9-467B26EB23E8}.Debug|Any CPU.ActiveCfg = Debug|Any CPU
		{64D30482-F76B-4E9D-B6E9-467B26EB23E8}.Debug|Any CPU.Build.0 = Debug|Any CPU
		{64D30482-F76B-4E9D-B6E9-467B26EB23E8}.Release|Any CPU.ActiveCfg = Release|Any CPU
		{64D30482-F76B-4E9D-B6E9-467B26EB23E8}.Release|Any CPU.Build.0 = Release|Any CPU
		{2B469A53-A651-4909-A2B0-54B6B9F7ED34}.Debug|Any CPU.ActiveCfg = Debug|Any CPU
		{2B469A53-A651-4909-A2B0-54B6B9F7ED34}.Debug|Any CPU.Build.0 = Debug|Any CPU
		{2B469A53-A651-4909-A2B0-54B6B9F7ED34}.Release|Any CPU.ActiveCfg = Release|Any CPU
		{2B469A53-A651-4909-A2B0-54B6B9F7ED34}.Release|Any CPU.Build.0 = Release|Any CPU
		{2B1F4F63-BF64-43EC-BF71-3DD4CB994183}.Debug|Any CPU.ActiveCfg = Debug|Any CPU
		{2B1F4F63-BF64-43EC-BF71-3DD4CB994183}.Debug|Any CPU.Build.0 = Debug|Any CPU
		{2B1F4F63-BF64-43EC-BF71-3DD4CB994183}.Release|Any CPU.ActiveCfg = Release|Any CPU
		{2B1F4F63-BF64-43EC-BF71-3DD4CB994183}.Release|Any CPU.Build.0 = Release|Any CPU
		{A5F17537-CC75-4B80-BD2F-D5F0DAEA7F81}.Debug|Any CPU.ActiveCfg = Debug|Any CPU
		{A5F17537-CC75-4B80-BD2F-D5F0DAEA7F81}.Debug|Any CPU.Build.0 = Debug|Any CPU
		{A5F17537-CC75-4B80-BD2F-D5F0DAEA7F81}.Release|Any CPU.ActiveCfg = Release|Any CPU
		{A5F17537-CC75-4B80-BD2F-D5F0DAEA7F81}.Release|Any CPU.Build.0 = Release|Any CPU
		{D7CA75ED-2098-4CFA-96B3-A86F3971931A}.Debug|Any CPU.ActiveCfg = Debug|Any CPU
		{D7CA75ED-2098-4CFA-96B3-A86F3971931A}.Debug|Any CPU.Build.0 = Debug|Any CPU
		{D7CA75ED-2098-4CFA-96B3-A86F3971931A}.Release|Any CPU.ActiveCfg = Release|Any CPU
		{D7CA75ED-2098-4CFA-96B3-A86F3971931A}.Release|Any CPU.Build.0 = Release|Any CPU
		{98596AF7-9EAC-44AA-8203-5CDEB128F0E1}.Debug|Any CPU.ActiveCfg = Debug|Any CPU
		{98596AF7-9EAC-44AA-8203-5CDEB128F0E1}.Debug|Any CPU.Build.0 = Debug|Any CPU
		{98596AF7-9EAC-44AA-8203-5CDEB128F0E1}.Release|Any CPU.ActiveCfg = Release|Any CPU
		{98596AF7-9EAC-44AA-8203-5CDEB128F0E1}.Release|Any CPU.Build.0 = Release|Any CPU
		{79957DFE-BE39-4310-91FF-B53E53374074}.Debug|Any CPU.ActiveCfg = Debug|Any CPU
		{79957DFE-BE39-4310-91FF-B53E53374074}.Debug|Any CPU.Build.0 = Debug|Any CPU
		{79957DFE-BE39-4310-91FF-B53E53374074}.Release|Any CPU.ActiveCfg = Release|Any CPU
		{79957DFE-BE39-4310-91FF-B53E53374074}.Release|Any CPU.Build.0 = Release|Any CPU
		{2A17E85B-AE31-4AEE-9689-6E656C28D7C1}.Debug|Any CPU.ActiveCfg = Debug|Any CPU
		{2A17E85B-AE31-4AEE-9689-6E656C28D7C1}.Debug|Any CPU.Build.0 = Debug|Any CPU
		{2A17E85B-AE31-4AEE-9689-6E656C28D7C1}.Release|Any CPU.ActiveCfg = Release|Any CPU
		{2A17E85B-AE31-4AEE-9689-6E656C28D7C1}.Release|Any CPU.Build.0 = Release|Any CPU
		{F2CC1ACE-6E4F-4139-AF55-09AE49D8AD39}.Debug|Any CPU.ActiveCfg = Debug|Any CPU
		{F2CC1ACE-6E4F-4139-AF55-09AE49D8AD39}.Debug|Any CPU.Build.0 = Debug|Any CPU
		{F2CC1ACE-6E4F-4139-AF55-09AE49D8AD39}.Release|Any CPU.ActiveCfg = Release|Any CPU
		{F2CC1ACE-6E4F-4139-AF55-09AE49D8AD39}.Release|Any CPU.Build.0 = Release|Any CPU
		{6279C84C-E074-4D96-97BA-E9FA1F409C03}.Debug|Any CPU.ActiveCfg = Debug|Any CPU
		{6279C84C-E074-4D96-97BA-E9FA1F409C03}.Debug|Any CPU.Build.0 = Debug|Any CPU
		{6279C84C-E074-4D96-97BA-E9FA1F409C03}.Release|Any CPU.ActiveCfg = Release|Any CPU
		{6279C84C-E074-4D96-97BA-E9FA1F409C03}.Release|Any CPU.Build.0 = Release|Any CPU
		{B455B9F5-FEAF-451C-82D1-8D27053928BC}.Debug|Any CPU.ActiveCfg = Debug|Any CPU
		{B455B9F5-FEAF-451C-82D1-8D27053928BC}.Debug|Any CPU.Build.0 = Debug|Any CPU
		{B455B9F5-FEAF-451C-82D1-8D27053928BC}.Release|Any CPU.ActiveCfg = Release|Any CPU
		{B455B9F5-FEAF-451C-82D1-8D27053928BC}.Release|Any CPU.Build.0 = Release|Any CPU
		{230C5254-07FC-4479-9E85-001224415216}.Debug|Any CPU.ActiveCfg = Debug|Any CPU
		{230C5254-07FC-4479-9E85-001224415216}.Debug|Any CPU.Build.0 = Debug|Any CPU
		{230C5254-07FC-4479-9E85-001224415216}.Release|Any CPU.ActiveCfg = Release|Any CPU
		{230C5254-07FC-4479-9E85-001224415216}.Release|Any CPU.Build.0 = Release|Any CPU
		{2C89F57D-69C3-45EF-83DE-C7EBF54B41D5}.Debug|Any CPU.ActiveCfg = Debug|Any CPU
		{2C89F57D-69C3-45EF-83DE-C7EBF54B41D5}.Debug|Any CPU.Build.0 = Debug|Any CPU
		{2C89F57D-69C3-45EF-83DE-C7EBF54B41D5}.Release|Any CPU.ActiveCfg = Release|Any CPU
		{2C89F57D-69C3-45EF-83DE-C7EBF54B41D5}.Release|Any CPU.Build.0 = Release|Any CPU
		{4DFE3D3E-23D8-416D-B55D-34D240478C4F}.Debug|Any CPU.ActiveCfg = Debug|Any CPU
		{4DFE3D3E-23D8-416D-B55D-34D240478C4F}.Debug|Any CPU.Build.0 = Debug|Any CPU
		{4DFE3D3E-23D8-416D-B55D-34D240478C4F}.Release|Any CPU.ActiveCfg = Release|Any CPU
		{4DFE3D3E-23D8-416D-B55D-34D240478C4F}.Release|Any CPU.Build.0 = Release|Any CPU
		{54BF57B9-5C3E-40B4-B208-20199037E6EE}.Debug|Any CPU.ActiveCfg = Debug|Any CPU
		{54BF57B9-5C3E-40B4-B208-20199037E6EE}.Debug|Any CPU.Build.0 = Debug|Any CPU
		{54BF57B9-5C3E-40B4-B208-20199037E6EE}.Release|Any CPU.ActiveCfg = Release|Any CPU
		{54BF57B9-5C3E-40B4-B208-20199037E6EE}.Release|Any CPU.Build.0 = Release|Any CPU
		{95AF4A08-F926-4A6F-BF70-DBB3821E03AD}.Debug|Any CPU.ActiveCfg = Debug|Any CPU
		{95AF4A08-F926-4A6F-BF70-DBB3821E03AD}.Debug|Any CPU.Build.0 = Debug|Any CPU
		{95AF4A08-F926-4A6F-BF70-DBB3821E03AD}.Release|Any CPU.ActiveCfg = Release|Any CPU
		{95AF4A08-F926-4A6F-BF70-DBB3821E03AD}.Release|Any CPU.Build.0 = Release|Any CPU
		{7EC82A93-5B06-4601-8875-F484AF5D33D0}.Debug|Any CPU.ActiveCfg = Debug|Any CPU
		{7EC82A93-5B06-4601-8875-F484AF5D33D0}.Debug|Any CPU.Build.0 = Debug|Any CPU
		{7EC82A93-5B06-4601-8875-F484AF5D33D0}.Release|Any CPU.ActiveCfg = Release|Any CPU
		{7EC82A93-5B06-4601-8875-F484AF5D33D0}.Release|Any CPU.Build.0 = Release|Any CPU
		{1F7C0682-ACB9-4BB9-8521-E9DA6C8D2B85}.Debug|Any CPU.ActiveCfg = Debug|Any CPU
		{1F7C0682-ACB9-4BB9-8521-E9DA6C8D2B85}.Debug|Any CPU.Build.0 = Debug|Any CPU
		{1F7C0682-ACB9-4BB9-8521-E9DA6C8D2B85}.Release|Any CPU.ActiveCfg = Release|Any CPU
		{1F7C0682-ACB9-4BB9-8521-E9DA6C8D2B85}.Release|Any CPU.Build.0 = Release|Any CPU
		{13483387-ACB4-4E63-AF4C-63A9E028D2F2}.Debug|Any CPU.ActiveCfg = Debug|Any CPU
		{13483387-ACB4-4E63-AF4C-63A9E028D2F2}.Debug|Any CPU.Build.0 = Debug|Any CPU
		{13483387-ACB4-4E63-AF4C-63A9E028D2F2}.Release|Any CPU.ActiveCfg = Release|Any CPU
		{13483387-ACB4-4E63-AF4C-63A9E028D2F2}.Release|Any CPU.Build.0 = Release|Any CPU
		{F849EFCA-2BBC-42AC-8884-EE4A50D8042D}.Debug|Any CPU.ActiveCfg = Debug|Any CPU
		{F849EFCA-2BBC-42AC-8884-EE4A50D8042D}.Debug|Any CPU.Build.0 = Debug|Any CPU
		{F849EFCA-2BBC-42AC-8884-EE4A50D8042D}.Release|Any CPU.ActiveCfg = Release|Any CPU
		{F849EFCA-2BBC-42AC-8884-EE4A50D8042D}.Release|Any CPU.Build.0 = Release|Any CPU
		{8F37487E-4ED7-4DB2-A9CD-6380E564A264}.Debug|Any CPU.ActiveCfg = Debug|Any CPU
		{8F37487E-4ED7-4DB2-A9CD-6380E564A264}.Debug|Any CPU.Build.0 = Debug|Any CPU
		{8F37487E-4ED7-4DB2-A9CD-6380E564A264}.Release|Any CPU.ActiveCfg = Release|Any CPU
		{8F37487E-4ED7-4DB2-A9CD-6380E564A264}.Release|Any CPU.Build.0 = Release|Any CPU
		{2A6C3BC5-2A71-45F2-8551-95F9EB57FDC6}.Debug|Any CPU.ActiveCfg = Debug|Any CPU
		{2A6C3BC5-2A71-45F2-8551-95F9EB57FDC6}.Debug|Any CPU.Build.0 = Debug|Any CPU
		{2A6C3BC5-2A71-45F2-8551-95F9EB57FDC6}.Release|Any CPU.ActiveCfg = Release|Any CPU
		{2A6C3BC5-2A71-45F2-8551-95F9EB57FDC6}.Release|Any CPU.Build.0 = Release|Any CPU
		{ABB70179-54A0-4522-B5C3-CFE73F85A5D2}.Debug|Any CPU.ActiveCfg = Debug|Any CPU
		{ABB70179-54A0-4522-B5C3-CFE73F85A5D2}.Debug|Any CPU.Build.0 = Debug|Any CPU
		{ABB70179-54A0-4522-B5C3-CFE73F85A5D2}.Release|Any CPU.ActiveCfg = Release|Any CPU
		{ABB70179-54A0-4522-B5C3-CFE73F85A5D2}.Release|Any CPU.Build.0 = Release|Any CPU
		{97AB37C9-B82F-4140-A423-A2B4E50D7112}.Debug|Any CPU.ActiveCfg = Debug|Any CPU
		{97AB37C9-B82F-4140-A423-A2B4E50D7112}.Debug|Any CPU.Build.0 = Debug|Any CPU
		{97AB37C9-B82F-4140-A423-A2B4E50D7112}.Release|Any CPU.ActiveCfg = Release|Any CPU
		{97AB37C9-B82F-4140-A423-A2B4E50D7112}.Release|Any CPU.Build.0 = Release|Any CPU
		{BC10BC48-1690-4994-A4BE-8862CC158C4E}.Debug|Any CPU.ActiveCfg = Debug|Any CPU
		{BC10BC48-1690-4994-A4BE-8862CC158C4E}.Debug|Any CPU.Build.0 = Debug|Any CPU
		{BC10BC48-1690-4994-A4BE-8862CC158C4E}.Release|Any CPU.ActiveCfg = Release|Any CPU
		{BC10BC48-1690-4994-A4BE-8862CC158C4E}.Release|Any CPU.Build.0 = Release|Any CPU
		{8553F8D8-440D-43FE-A7A5-880F17426D28}.Debug|Any CPU.ActiveCfg = Debug|Any CPU
		{8553F8D8-440D-43FE-A7A5-880F17426D28}.Debug|Any CPU.Build.0 = Debug|Any CPU
		{8553F8D8-440D-43FE-A7A5-880F17426D28}.Release|Any CPU.ActiveCfg = Release|Any CPU
		{8553F8D8-440D-43FE-A7A5-880F17426D28}.Release|Any CPU.Build.0 = Release|Any CPU
		{CD485263-0171-4065-B5F9-3AB7D2805356}.Debug|Any CPU.ActiveCfg = Debug|Any CPU
		{CD485263-0171-4065-B5F9-3AB7D2805356}.Debug|Any CPU.Build.0 = Debug|Any CPU
		{CD485263-0171-4065-B5F9-3AB7D2805356}.Release|Any CPU.ActiveCfg = Release|Any CPU
		{CD485263-0171-4065-B5F9-3AB7D2805356}.Release|Any CPU.Build.0 = Release|Any CPU
		{6B447753-F5F1-402C-B10B-3D160E15CDD7}.Debug|Any CPU.ActiveCfg = Debug|Any CPU
		{6B447753-F5F1-402C-B10B-3D160E15CDD7}.Debug|Any CPU.Build.0 = Debug|Any CPU
		{6B447753-F5F1-402C-B10B-3D160E15CDD7}.Release|Any CPU.ActiveCfg = Release|Any CPU
		{6B447753-F5F1-402C-B10B-3D160E15CDD7}.Release|Any CPU.Build.0 = Release|Any CPU
		{9B6DDB03-28B2-418D-AB2E-1E2E671FEFE5}.Debug|Any CPU.ActiveCfg = Debug|Any CPU
		{9B6DDB03-28B2-418D-AB2E-1E2E671FEFE5}.Debug|Any CPU.Build.0 = Debug|Any CPU
		{9B6DDB03-28B2-418D-AB2E-1E2E671FEFE5}.Release|Any CPU.ActiveCfg = Release|Any CPU
		{9B6DDB03-28B2-418D-AB2E-1E2E671FEFE5}.Release|Any CPU.Build.0 = Release|Any CPU
		{75651ECC-44B8-48ED-83BF-D71FB470A747}.Debug|Any CPU.ActiveCfg = Debug|Any CPU
		{75651ECC-44B8-48ED-83BF-D71FB470A747}.Debug|Any CPU.Build.0 = Debug|Any CPU
		{75651ECC-44B8-48ED-83BF-D71FB470A747}.Release|Any CPU.ActiveCfg = Release|Any CPU
		{75651ECC-44B8-48ED-83BF-D71FB470A747}.Release|Any CPU.Build.0 = Release|Any CPU
		{5BC8589E-9471-48E2-A64E-B043287D33AC}.Debug|Any CPU.ActiveCfg = Debug|Any CPU
		{5BC8589E-9471-48E2-A64E-B043287D33AC}.Debug|Any CPU.Build.0 = Debug|Any CPU
		{5BC8589E-9471-48E2-A64E-B043287D33AC}.Release|Any CPU.ActiveCfg = Release|Any CPU
		{5BC8589E-9471-48E2-A64E-B043287D33AC}.Release|Any CPU.Build.0 = Release|Any CPU
		{A28FE850-F59E-45B4-AF6D-23BD6D7ABAFA}.Debug|Any CPU.ActiveCfg = Debug|Any CPU
		{A28FE850-F59E-45B4-AF6D-23BD6D7ABAFA}.Debug|Any CPU.Build.0 = Debug|Any CPU
		{A28FE850-F59E-45B4-AF6D-23BD6D7ABAFA}.Release|Any CPU.ActiveCfg = Release|Any CPU
		{A28FE850-F59E-45B4-AF6D-23BD6D7ABAFA}.Release|Any CPU.Build.0 = Release|Any CPU
		{5A0123AC-45FB-48C2-AF12-5E501216ABAC}.Debug|Any CPU.ActiveCfg = Debug|Any CPU
		{5A0123AC-45FB-48C2-AF12-5E501216ABAC}.Debug|Any CPU.Build.0 = Debug|Any CPU
		{5A0123AC-45FB-48C2-AF12-5E501216ABAC}.Release|Any CPU.ActiveCfg = Release|Any CPU
		{5A0123AC-45FB-48C2-AF12-5E501216ABAC}.Release|Any CPU.Build.0 = Release|Any CPU
		{006109A2-24A6-43DC-9E7D-D0F85B19F17D}.Debug|Any CPU.ActiveCfg = Debug|Any CPU
		{006109A2-24A6-43DC-9E7D-D0F85B19F17D}.Debug|Any CPU.Build.0 = Debug|Any CPU
		{006109A2-24A6-43DC-9E7D-D0F85B19F17D}.Release|Any CPU.ActiveCfg = Release|Any CPU
		{006109A2-24A6-43DC-9E7D-D0F85B19F17D}.Release|Any CPU.Build.0 = Release|Any CPU
		{A47EF720-6668-4A7E-8835-25D39CA48BF6}.Debug|Any CPU.ActiveCfg = Debug|Any CPU
		{A47EF720-6668-4A7E-8835-25D39CA48BF6}.Debug|Any CPU.Build.0 = Debug|Any CPU
		{A47EF720-6668-4A7E-8835-25D39CA48BF6}.Release|Any CPU.ActiveCfg = Release|Any CPU
		{A47EF720-6668-4A7E-8835-25D39CA48BF6}.Release|Any CPU.Build.0 = Release|Any CPU
		{FF58A030-A565-4FE9-AE0B-6A6BC221B741}.Debug|Any CPU.ActiveCfg = Debug|Any CPU
		{FF58A030-A565-4FE9-AE0B-6A6BC221B741}.Debug|Any CPU.Build.0 = Debug|Any CPU
		{FF58A030-A565-4FE9-AE0B-6A6BC221B741}.Release|Any CPU.ActiveCfg = Release|Any CPU
		{FF58A030-A565-4FE9-AE0B-6A6BC221B741}.Release|Any CPU.Build.0 = Release|Any CPU
		{775491CC-C05C-4B20-A56A-347AC5523A81}.Debug|Any CPU.ActiveCfg = Debug|Any CPU
		{775491CC-C05C-4B20-A56A-347AC5523A81}.Debug|Any CPU.Build.0 = Debug|Any CPU
		{775491CC-C05C-4B20-A56A-347AC5523A81}.Release|Any CPU.ActiveCfg = Release|Any CPU
		{775491CC-C05C-4B20-A56A-347AC5523A81}.Release|Any CPU.Build.0 = Release|Any CPU
		{F6DBFE4D-4C75-4EED-9B6E-702AA5F51BDF}.Debug|Any CPU.ActiveCfg = Debug|Any CPU
		{F6DBFE4D-4C75-4EED-9B6E-702AA5F51BDF}.Debug|Any CPU.Build.0 = Debug|Any CPU
		{F6DBFE4D-4C75-4EED-9B6E-702AA5F51BDF}.Release|Any CPU.ActiveCfg = Release|Any CPU
		{F6DBFE4D-4C75-4EED-9B6E-702AA5F51BDF}.Release|Any CPU.Build.0 = Release|Any CPU
		{918094F3-103D-4C08-81A4-2C4DF1B80D4A}.Debug|Any CPU.ActiveCfg = Debug|Any CPU
		{918094F3-103D-4C08-81A4-2C4DF1B80D4A}.Debug|Any CPU.Build.0 = Debug|Any CPU
		{918094F3-103D-4C08-81A4-2C4DF1B80D4A}.Release|Any CPU.ActiveCfg = Release|Any CPU
		{918094F3-103D-4C08-81A4-2C4DF1B80D4A}.Release|Any CPU.Build.0 = Release|Any CPU
		{2F3A2879-C884-4F1D-815F-0A1E63D48139}.Debug|Any CPU.ActiveCfg = Debug|Any CPU
		{2F3A2879-C884-4F1D-815F-0A1E63D48139}.Debug|Any CPU.Build.0 = Debug|Any CPU
		{2F3A2879-C884-4F1D-815F-0A1E63D48139}.Release|Any CPU.ActiveCfg = Release|Any CPU
		{2F3A2879-C884-4F1D-815F-0A1E63D48139}.Release|Any CPU.Build.0 = Release|Any CPU
		{775C556B-36A1-47F4-860B-114C7062CC07}.Debug|Any CPU.ActiveCfg = Debug|Any CPU
		{775C556B-36A1-47F4-860B-114C7062CC07}.Debug|Any CPU.Build.0 = Debug|Any CPU
		{775C556B-36A1-47F4-860B-114C7062CC07}.Release|Any CPU.ActiveCfg = Release|Any CPU
		{775C556B-36A1-47F4-860B-114C7062CC07}.Release|Any CPU.Build.0 = Release|Any CPU
		{7A619CE3-9632-4714-9733-2540E1A1ED26}.Debug|Any CPU.ActiveCfg = Debug|Any CPU
		{7A619CE3-9632-4714-9733-2540E1A1ED26}.Debug|Any CPU.Build.0 = Debug|Any CPU
		{7A619CE3-9632-4714-9733-2540E1A1ED26}.Release|Any CPU.ActiveCfg = Release|Any CPU
		{7A619CE3-9632-4714-9733-2540E1A1ED26}.Release|Any CPU.Build.0 = Release|Any CPU
		{7FC48F82-B85B-465B-A70B-D0F1DD0CD46E}.Debug|Any CPU.ActiveCfg = Debug|Any CPU
		{7FC48F82-B85B-465B-A70B-D0F1DD0CD46E}.Debug|Any CPU.Build.0 = Debug|Any CPU
		{7FC48F82-B85B-465B-A70B-D0F1DD0CD46E}.Release|Any CPU.ActiveCfg = Release|Any CPU
		{7FC48F82-B85B-465B-A70B-D0F1DD0CD46E}.Release|Any CPU.Build.0 = Release|Any CPU
		{E1510D88-32E2-4B6C-A742-EFF3925989FD}.Debug|Any CPU.ActiveCfg = Debug|Any CPU
		{E1510D88-32E2-4B6C-A742-EFF3925989FD}.Debug|Any CPU.Build.0 = Debug|Any CPU
		{E1510D88-32E2-4B6C-A742-EFF3925989FD}.Release|Any CPU.ActiveCfg = Release|Any CPU
		{E1510D88-32E2-4B6C-A742-EFF3925989FD}.Release|Any CPU.Build.0 = Release|Any CPU
		{450EE67A-DD6D-425E-8C0A-73CDF85239C8}.Debug|Any CPU.ActiveCfg = Debug|Any CPU
		{450EE67A-DD6D-425E-8C0A-73CDF85239C8}.Debug|Any CPU.Build.0 = Debug|Any CPU
		{450EE67A-DD6D-425E-8C0A-73CDF85239C8}.Release|Any CPU.ActiveCfg = Release|Any CPU
		{450EE67A-DD6D-425E-8C0A-73CDF85239C8}.Release|Any CPU.Build.0 = Release|Any CPU
		{D3D58E97-05DC-44C1-A60D-2A8C0A34CFC7}.Debug|Any CPU.ActiveCfg = Debug|Any CPU
		{D3D58E97-05DC-44C1-A60D-2A8C0A34CFC7}.Debug|Any CPU.Build.0 = Debug|Any CPU
		{D3D58E97-05DC-44C1-A60D-2A8C0A34CFC7}.Release|Any CPU.ActiveCfg = Release|Any CPU
		{D3D58E97-05DC-44C1-A60D-2A8C0A34CFC7}.Release|Any CPU.Build.0 = Release|Any CPU
	EndGlobalSection
	GlobalSection(SolutionProperties) = preSolution
		HideSolutionNode = FALSE
	EndGlobalSection
EndGlobal
